// !$*UTF8*$!
{
	archiveVersion = 1;
	classes = {
	};
	objectVersion = 46;
	objects = {

/* Begin PBXBuildFile section */
		1878647D173A0654001C2763 /* UIKit.framework in Frameworks */ = {isa = PBXBuildFile; fileRef = 1878647C173A0654001C2763 /* UIKit.framework */; };
		1878647F173A0654001C2763 /* Foundation.framework in Frameworks */ = {isa = PBXBuildFile; fileRef = 1878647E173A0654001C2763 /* Foundation.framework */; };
		18786481173A0654001C2763 /* CoreGraphics.framework in Frameworks */ = {isa = PBXBuildFile; fileRef = 18786480173A0654001C2763 /* CoreGraphics.framework */; };
		18786487173A0654001C2763 /* InfoPlist.strings in Resources */ = {isa = PBXBuildFile; fileRef = 18786485173A0654001C2763 /* InfoPlist.strings */; };
		18786489173A0654001C2763 /* main.m in Sources */ = {isa = PBXBuildFile; fileRef = 18786488173A0654001C2763 /* main.m */; };
		1878648D173A0654001C2763 /* AppDelegate.m in Sources */ = {isa = PBXBuildFile; fileRef = 1878648C173A0654001C2763 /* AppDelegate.m */; };
		1878648F173A0654001C2763 /* Default.png in Resources */ = {isa = PBXBuildFile; fileRef = 1878648E173A0654001C2763 /* Default.png */; };
		18786491173A0654001C2763 /* Default@2x.png in Resources */ = {isa = PBXBuildFile; fileRef = 18786490173A0654001C2763 /* Default@2x.png */; };
		18786493173A0654001C2763 /* Default-568h@2x.png in Resources */ = {isa = PBXBuildFile; fileRef = 18786492173A0654001C2763 /* Default-568h@2x.png */; };
		18786496173A0654001C2763 /* ViewController.m in Sources */ = {isa = PBXBuildFile; fileRef = 18786495173A0654001C2763 /* ViewController.m */; };
		18786499173A0654001C2763 /* ViewController.xib in Resources */ = {isa = PBXBuildFile; fileRef = 18786497173A0654001C2763 /* ViewController.xib */; };
/* End PBXBuildFile section */

/* Begin PBXFileReference section */
		18786478173A0654001C2763 /* MapRoute.app */ = {isa = PBXFileReference; explicitFileType = wrapper.application; includeInIndex = 0; path = MapRoute.app; sourceTree = BUILT_PRODUCTS_DIR; };
		1878647C173A0654001C2763 /* UIKit.framework */ = {isa = PBXFileReference; lastKnownFileType = wrapper.framework; name = UIKit.framework; path = System/Library/Frameworks/UIKit.framework; sourceTree = SDKROOT; };
		1878647E173A0654001C2763 /* Foundation.framework */ = {isa = PBXFileReference; lastKnownFileType = wrapper.framework; name = Foundation.framework; path = System/Library/Frameworks/Foundation.framework; sourceTree = SDKROOT; };
		18786480173A0654001C2763 /* CoreGraphics.framework */ = {isa = PBXFileReference; lastKnownFileType = wrapper.framework; name = CoreGraphics.framework; path = System/Library/Frameworks/CoreGraphics.framework; sourceTree = SDKROOT; };
		18786484173A0654001C2763 /* MapRoute-Info.plist */ = {isa = PBXFileReference; lastKnownFileType = text.plist.xml; path = "MapRoute-Info.plist"; sourceTree = "<group>"; };
		18786486173A0654001C2763 /* en */ = {isa = PBXFileReference; lastKnownFileType = text.plist.strings; name = en; path = en.lproj/InfoPlist.strings; sourceTree = "<group>"; };
		18786488173A0654001C2763 /* main.m */ = {isa = PBXFileReference; lastKnownFileType = sourcecode.c.objc; path = main.m; sourceTree = "<group>"; };
		1878648A173A0654001C2763 /* MapRoute-Prefix.pch */ = {isa = PBXFileReference; lastKnownFileType = sourcecode.c.h; path = "MapRoute-Prefix.pch"; sourceTree = "<group>"; };
		1878648B173A0654001C2763 /* AppDelegate.h */ = {isa = PBXFileReference; lastKnownFileType = sourcecode.c.h; path = AppDelegate.h; sourceTree = "<group>"; };
		1878648C173A0654001C2763 /* AppDelegate.m */ = {isa = PBXFileReference; lastKnownFileType = sourcecode.c.objc; path = AppDelegate.m; sourceTree = "<group>"; };
		1878648E173A0654001C2763 /* Default.png */ = {isa = PBXFileReference; lastKnownFileType = image.png; path = Default.png; sourceTree = "<group>"; };
		18786490173A0654001C2763 /* Default@2x.png */ = {isa = PBXFileReference; lastKnownFileType = image.png; path = "Default@2x.png"; sourceTree = "<group>"; };
		18786492173A0654001C2763 /* Default-568h@2x.png */ = {isa = PBXFileReference; lastKnownFileType = image.png; path = "Default-568h@2x.png"; sourceTree = "<group>"; };
		18786494173A0654001C2763 /* ViewController.h */ = {isa = PBXFileReference; lastKnownFileType = sourcecode.c.h; path = ViewController.h; sourceTree = "<group>"; };
		18786495173A0654001C2763 /* ViewController.m */ = {isa = PBXFileReference; lastKnownFileType = sourcecode.c.objc; path = ViewController.m; sourceTree = "<group>"; };
		18786498173A0654001C2763 /* en */ = {isa = PBXFileReference; lastKnownFileType = file.xib; name = en; path = en.lproj/ViewController.xib; sourceTree = "<group>"; };
/* End PBXFileReference section */

/* Begin PBXFrameworksBuildPhase section */
		18786475173A0654001C2763 /* Frameworks */ = {
			isa = PBXFrameworksBuildPhase;
			buildActionMask = 2147483647;
			files = (
				1878647D173A0654001C2763 /* UIKit.framework in Frameworks */,
				1878647F173A0654001C2763 /* Foundation.framework in Frameworks */,
				18786481173A0654001C2763 /* CoreGraphics.framework in Frameworks */,
			);
			runOnlyForDeploymentPostprocessing = 0;
		};
/* End PBXFrameworksBuildPhase section */

/* Begin PBXGroup section */
		1878646D173A0654001C2763 = {
			isa = PBXGroup;
			children = (
				18786482173A0654001C2763 /* MapRoute */,
				1878647B173A0654001C2763 /* Frameworks */,
				18786479173A0654001C2763 /* Products */,
			);
			sourceTree = "<group>";
		};
		18786479173A0654001C2763 /* Products */ = {
			isa = PBXGroup;
			children = (
				18786478173A0654001C2763 /* MapRoute.app */,
			);
			name = Products;
			sourceTree = "<group>";
		};
		1878647B173A0654001C2763 /* Frameworks */ = {
			isa = PBXGroup;
			children = (
				1878647C173A0654001C2763 /* UIKit.framework */,
				1878647E173A0654001C2763 /* Foundation.framework */,
				18786480173A0654001C2763 /* CoreGraphics.framework */,
			);
			name = Frameworks;
			sourceTree = "<group>";
		};
		18786482173A0654001C2763 /* MapRoute */ = {
			isa = PBXGroup;
			children = (
				1878648B173A0654001C2763 /* AppDelegate.h */,
				1878648C173A0654001C2763 /* AppDelegate.m */,
				18786494173A0654001C2763 /* ViewController.h */,
				18786495173A0654001C2763 /* ViewController.m */,
				18786497173A0654001C2763 /* ViewController.xib */,
				18786483173A0654001C2763 /* Supporting Files */,
			);
			path = MapRoute;
			sourceTree = "<group>";
		};
		18786483173A0654001C2763 /* Supporting Files */ = {
			isa = PBXGroup;
			children = (
				18786484173A0654001C2763 /* MapRoute-Info.plist */,
				18786485173A0654001C2763 /* InfoPlist.strings */,
				18786488173A0654001C2763 /* main.m */,
				1878648A173A0654001C2763 /* MapRoute-Prefix.pch */,
				1878648E173A0654001C2763 /* Default.png */,
				18786490173A0654001C2763 /* Default@2x.png */,
				18786492173A0654001C2763 /* Default-568h@2x.png */,
			);
			name = "Supporting Files";
			sourceTree = "<group>";
		};
/* End PBXGroup section */

/* Begin PBXNativeTarget section */
		18786477173A0654001C2763 /* MapRoute */ = {
			isa = PBXNativeTarget;
			buildConfigurationList = 1878649C173A0654001C2763 /* Build configuration list for PBXNativeTarget "MapRoute" */;
			buildPhases = (
				18786474173A0654001C2763 /* Sources */,
				18786475173A0654001C2763 /* Frameworks */,
				18786476173A0654001C2763 /* Resources */,
			);
			buildRules = (
			);
			dependencies = (
			);
			name = MapRoute;
			productName = MapRoute;
			productReference = 18786478173A0654001C2763 /* MapRoute.app */;
			productType = "com.apple.product-type.application";
		};
/* End PBXNativeTarget section */

/* Begin PBXProject section */
		1878646F173A0654001C2763 /* Project object */ = {
			isa = PBXProject;
			attributes = {
				LastUpgradeCheck = 0450;
				ORGANIZATIONNAME = Apple;
			};
			buildConfigurationList = 18786472173A0654001C2763 /* Build configuration list for PBXProject "MapRoute" */;
			compatibilityVersion = "Xcode 3.2";
			developmentRegion = English;
			hasScannedForEncodings = 0;
			knownRegions = (
				en,
			);
			mainGroup = 1878646D173A0654001C2763;
			productRefGroup = 18786479173A0654001C2763 /* Products */;
			projectDirPath = "";
			projectRoot = "";
			targets = (
				18786477173A0654001C2763 /* MapRoute */,
			);
		};
/* End PBXProject section */

/* Begin PBXResourcesBuildPhase section */
		18786476173A0654001C2763 /* Resources */ = {
			isa = PBXResourcesBuildPhase;
			buildActionMask = 2147483647;
			files = (
				18786487173A0654001C2763 /* InfoPlist.strings in Resources */,
				1878648F173A0654001C2763 /* Default.png in Resources */,
				18786491173A0654001C2763 /* Default@2x.png in Resources */,
				18786493173A0654001C2763 /* Default-568h@2x.png in Resources */,
				18786499173A0654001C2763 /* ViewController.xib in Resources */,
			);
			runOnlyForDeploymentPostprocessing = 0;
		};
/* End PBXResourcesBuildPhase section */

/* Begin PBXSourcesBuildPhase section */
		18786474173A0654001C2763 /* Sources */ = {
			isa = PBXSourcesBuildPhase;
			buildActionMask = 2147483647;
			files = (
				18786489173A0654001C2763 /* main.m in Sources */,
				1878648D173A0654001C2763 /* AppDelegate.m in Sources */,
				18786496173A0654001C2763 /* ViewController.m in Sources */,
			);
			runOnlyForDeploymentPostprocessing = 0;
		};
/* End PBXSourcesBuildPhase section */

/* Begin PBXVariantGroup section */
		18786485173A0654001C2763 /* InfoPlist.strings */ = {
			isa = PBXVariantGroup;
			children = (
				18786486173A0654001C2763 /* en */,
			);
			name = InfoPlist.strings;
			sourceTree = "<group>";
		};
		18786497173A0654001C2763 /* ViewController.xib */ = {
			isa = PBXVariantGroup;
			children = (
				18786498173A0654001C2763 /* en */,
			);
			name = ViewController.xib;
			sourceTree = "<group>";
		};
/* End PBXVariantGroup section */

/* Begin XCBuildConfiguration section */
		1878649A173A0654001C2763 /* Debug */ = {
			isa = XCBuildConfiguration;
			buildSettings = {
				ALWAYS_SEARCH_USER_PATHS = NO;
				CLANG_CXX_LANGUAGE_STANDARD = "gnu++0x";
				CLANG_CXX_LIBRARY = "libc++";
				CLANG_WARN_EMPTY_BODY = YES;
				CLANG_WARN__DUPLICATE_METHOD_MATCH = YES;
				"CODE_SIGN_IDENTITY[sdk=iphoneos*]" = "iPhone Developer";
				COPY_PHASE_STRIP = NO;
				GCC_C_LANGUAGE_STANDARD = gnu99;
				GCC_DYNAMIC_NO_PIC = NO;
				GCC_OPTIMIZATION_LEVEL = 0;
				GCC_PREPROCESSOR_DEFINITIONS = (
					"DEBUG=1",
					"$(inherited)",
				);
				GCC_SYMBOLS_PRIVATE_EXTERN = NO;
				GCC_WARN_ABOUT_RETURN_TYPE = YES;
				GCC_WARN_UNINITIALIZED_AUTOS = YES;
				GCC_WARN_UNUSED_VARIABLE = YES;
				IPHONEOS_DEPLOYMENT_TARGET = 6.0;
				ONLY_ACTIVE_ARCH = YES;
				SDKROOT = iphoneos;
			};
			name = Debug;
		};
		1878649B173A0654001C2763 /* Release */ = {
			isa = XCBuildConfiguration;
			buildSettings = {
				ALWAYS_SEARCH_USER_PATHS = NO;
				CLANG_CXX_LANGUAGE_STANDARD = "gnu++0x";
				CLANG_CXX_LIBRARY = "libc++";
				CLANG_WARN_EMPTY_BODY = YES;
				CLANG_WARN__DUPLICATE_METHOD_MATCH = YES;
				"CODE_SIGN_IDENTITY[sdk=iphoneos*]" = "iPhone Developer";
				COPY_PHASE_STRIP = YES;
				GCC_C_LANGUAGE_STANDARD = gnu99;
				GCC_WARN_ABOUT_RETURN_TYPE = YES;
				GCC_WARN_UNINITIALIZED_AUTOS = YES;
				GCC_WARN_UNUSED_VARIABLE = YES;
				IPHONEOS_DEPLOYMENT_TARGET = 6.0;
				OTHER_CFLAGS = "-DNS_BLOCK_ASSERTIONS=1";
				SDKROOT = iphoneos;
				VALIDATE_PRODUCT = YES;
			};
			name = Release;
		};
		1878649D173A0654001C2763 /* Debug */ = {
			isa = XCBuildConfiguration;
			buildSettings = {
				GCC_PRECOMPILE_PREFIX_HEADER = YES;
				GCC_PREFIX_HEADER = "MapRoute/MapRoute-Prefix.pch";
				INFOPLIST_FILE = "MapRoute/MapRoute-Info.plist";
				PRODUCT_NAME = "$(TARGET_NAME)";
				WRAPPER_EXTENSION = app;
			};
			name = Debug;
		};
		1878649E173A0654001C2763 /* Release */ = {
			isa = XCBuildConfiguration;
			buildSettings = {
				GCC_PRECOMPILE_PREFIX_HEADER = YES;
				GCC_PREFIX_HEADER = "MapRoute/MapRoute-Prefix.pch";
				INFOPLIST_FILE = "MapRoute/MapRoute-Info.plist";
				PRODUCT_NAME = "$(TARGET_NAME)";
				WRAPPER_EXTENSION = app;
			};
			name = Release;
		};
/* End XCBuildConfiguration section */

/* Begin XCConfigurationList section */
		18786472173A0654001C2763 /* Build configuration list for PBXProject "MapRoute" */ = {
			isa = XCConfigurationList;
			buildConfigurations = (
				1878649A173A0654001C2763 /* Debug */,
				1878649B173A0654001C2763 /* Release */,
			);
			defaultConfigurationIsVisible = 0;
			defaultConfigurationName = Release;
		};
		1878649C173A0654001C2763 /* Build configuration list for PBXNativeTarget "MapRoute" */ = {
			isa = XCConfigurationList;
			buildConfigurations = (
				1878649D173A0654001C2763 /* Debug */,
				1878649E173A0654001C2763 /* Release */,
			);
			defaultConfigurationIsVisible = 0;
		};
/* End XCConfigurationList section */
	};
	rootObject = 1878646F173A0654001C2763 /* Project object */;
}
